
Microsoft Visual Studio Solution File, Format Version 12.00
# Visual Studio Version 16
VisualStudioVersion = 16.0.28803.202
MinimumVisualStudioVersion = 10.0.40219.1
Project("{FAE04EC0-301F-11D3-BF4B-00C04F79EFBC}") = "Asap42ToXml", "Asap42ToXml\Asap42ToXml.csproj", "{50211705-BB6A-4352-8B68-33D7AEBAEBCD}"
EndProject
Global
	GlobalSection(SolutionConfigurationPlatforms) = preSolution
		Debug|Any CPU = Debug|Any CPU
		Release|Any CPU = Release|Any CPU
	EndGlobalSection
	GlobalSection(ProjectConfigurationPlatforms) = postSolution
		{50211705-BB6A-4352-8B68-33D7AEBAEBCD}.Debug|Any CPU.ActiveCfg = Debug|Any CPU
		{50211705-BB6A-4352-8B68-33D7AEBAEBCD}.Debug|Any CPU.Build.0 = Debug|Any CPU
		{50211705-BB6A-4352-8B68-33D7AEBAEBCD}.Release|Any CPU.ActiveCfg = Release|Any CPU
		{50211705-BB6A-4352-8B68-33D7AEBAEBCD}.Release|Any CPU.Build.0 = Release|Any CPU
	EndGlobalSection
	GlobalSection(SolutionProperties) = preSolution
		HideSolutionNode = FALSE
	EndGlobalSection
	GlobalSection(ExtensibilityGlobals) = postSolution
		SolutionGuid = {DBA07A29-A3F8-4A30-87FB-B7E2509023F0}
	EndGlobalSection
EndGlobal
